// !$*UTF8*$!
{
	archiveVersion = 1;
	classes = {
	};
	objectVersion = 51;
	objects = {

/* Begin PBXBuildFile section */
		7FE75E48FBE82E13A1275EE7 /* Pods_BucketList.framework in Frameworks */ = {isa = PBXBuildFile; fileRef = 44D14F9BE488E09F70203FA8 /* Pods_BucketList.framework */; };
		952B33B523860E420009D6ED /* BucketListItemCollectionViewCell.swift in Sources */ = {isa = PBXBuildFile; fileRef = 952B33B423860E420009D6ED /* BucketListItemCollectionViewCell.swift */; };
		953ACE80238322FB00C8FA44 /* SignInViewController.swift in Sources */ = {isa = PBXBuildFile; fileRef = 953ACE7F238322FB00C8FA44 /* SignInViewController.swift */; };
		953ACE822383230A00C8FA44 /* SignUpViewController.swift in Sources */ = {isa = PBXBuildFile; fileRef = 953ACE812383230A00C8FA44 /* SignUpViewController.swift */; };
		953ACE852383362800C8FA44 /* Exo-Medium.ttf in Resources */ = {isa = PBXBuildFile; fileRef = 953ACE842383362800C8FA44 /* Exo-Medium.ttf */; };
		953ACE87238336F200C8FA44 /* Exo-SemiBold.ttf in Resources */ = {isa = PBXBuildFile; fileRef = 953ACE86238336F200C8FA44 /* Exo-SemiBold.ttf */; };
		953ACE91238364CD00C8FA44 /* BLinfoStoryboard.storyboard in Resources */ = {isa = PBXBuildFile; fileRef = 953ACE90238364CC00C8FA44 /* BLinfoStoryboard.storyboard */; };
		953ACE95238364DA00C8FA44 /* BLinfoViewController.swift in Sources */ = {isa = PBXBuildFile; fileRef = 953ACE94238364DA00C8FA44 /* BLinfoViewController.swift */; };
		953ACE97238364E000C8FA44 /* BLshareViewController.swift in Sources */ = {isa = PBXBuildFile; fileRef = 953ACE96238364E000C8FA44 /* BLshareViewController.swift */; };
		953ACE9F238436EA00C8FA44 /* User.swift in Sources */ = {isa = PBXBuildFile; fileRef = 953ACE9E238436EA00C8FA44 /* User.swift */; };
		953ACEA12384370600C8FA44 /* Bearer.swift in Sources */ = {isa = PBXBuildFile; fileRef = 953ACEA02384370600C8FA44 /* Bearer.swift */; };
		953ACEA72384376100C8FA44 /* BucketListController.swift in Sources */ = {isa = PBXBuildFile; fileRef = 953ACEA62384376100C8FA44 /* BucketListController.swift */; };
		9540748023847817002F38FD /* ProfileStoryboard.storyboard in Resources */ = {isa = PBXBuildFile; fileRef = 9540747F23847817002F38FD /* ProfileStoryboard.storyboard */; };
		9561BAAA23847DA4009B3F93 /* ProfileViewController.swift in Sources */ = {isa = PBXBuildFile; fileRef = 9561BAA923847DA4009B3F93 /* ProfileViewController.swift */; };
		A669F4E82384B5B100AB3F7E /* BucketListItemRepresentation.swift in Sources */ = {isa = PBXBuildFile; fileRef = A669F4E72384B5B100AB3F7E /* BucketListItemRepresentation.swift */; };
		A669F4EE2384B5CF00AB3F7E /* CoreDataStack.swift in Sources */ = {isa = PBXBuildFile; fileRef = A669F4ED2384B5CF00AB3F7E /* CoreDataStack.swift */; };
		A669F4F52385119A00AB3F7E /* BucketListRepresentation.swift in Sources */ = {isa = PBXBuildFile; fileRef = A669F4F42385119A00AB3F7E /* BucketListRepresentation.swift */; };
		A669F4F7238511EB00AB3F7E /* BucketList+Convenience.swift in Sources */ = {isa = PBXBuildFile; fileRef = A669F4F6238511EB00AB3F7E /* BucketList+Convenience.swift */; };
		A669F4F92385AE0600AB3F7E /* Users.swift in Sources */ = {isa = PBXBuildFile; fileRef = A669F4F82385AE0600AB3F7E /* Users.swift */; };
		A69896532385E5C800D6459A /* BucketListTableViewCell.swift in Sources */ = {isa = PBXBuildFile; fileRef = A69896522385E5C800D6459A /* BucketListTableViewCell.swift */; };
		A69896552385F9C900D6459A /* BucketListItemCollectionViewController.swift in Sources */ = {isa = PBXBuildFile; fileRef = A69896542385F9C900D6459A /* BucketListItemCollectionViewController.swift */; };
		A698965723872E8900D6459A /* BucketListItem+Convenience.swift in Sources */ = {isa = PBXBuildFile; fileRef = A698965623872E8900D6459A /* BucketListItem+Convenience.swift */; };
		A69896612387A6A900D6459A /* BucketList.xcdatamodeld in Sources */ = {isa = PBXBuildFile; fileRef = A698965D2387A5C400D6459A /* BucketList.xcdatamodeld */; };
		A6FD02E023831006007F0DB7 /* AppDelegate.swift in Sources */ = {isa = PBXBuildFile; fileRef = A6FD02DF23831006007F0DB7 /* AppDelegate.swift */; };
		A6FD02E223831006007F0DB7 /* SceneDelegate.swift in Sources */ = {isa = PBXBuildFile; fileRef = A6FD02E123831006007F0DB7 /* SceneDelegate.swift */; };
		A6FD02E723831006007F0DB7 /* Login.storyboard in Resources */ = {isa = PBXBuildFile; fileRef = A6FD02E523831006007F0DB7 /* Login.storyboard */; };
		A6FD02E923831007007F0DB7 /* Assets.xcassets in Resources */ = {isa = PBXBuildFile; fileRef = A6FD02E823831007007F0DB7 /* Assets.xcassets */; };
		A6FD02EC23831007007F0DB7 /* LaunchScreen.storyboard in Resources */ = {isa = PBXBuildFile; fileRef = A6FD02EA23831007007F0DB7 /* LaunchScreen.storyboard */; };
		A6FD02F423831376007F0DB7 /* Main.storyboard in Resources */ = {isa = PBXBuildFile; fileRef = A6FD02F323831376007F0DB7 /* Main.storyboard */; };
		A6FD030523834700007F0DB7 /* BucketListTableViewController.swift in Sources */ = {isa = PBXBuildFile; fileRef = A6FD030423834700007F0DB7 /* BucketListTableViewController.swift */; };
		A6FD030823834732007F0DB7 /* CreateBucketListViewController.swift in Sources */ = {isa = PBXBuildFile; fileRef = A6FD030723834732007F0DB7 /* CreateBucketListViewController.swift */; };
		A6FD030A23834750007F0DB7 /* BucketListItemViewController.swift in Sources */ = {isa = PBXBuildFile; fileRef = A6FD030923834750007F0DB7 /* BucketListItemViewController.swift */; };
		A6FD030D23834784007F0DB7 /* CreateBucketListItemViewController.swift in Sources */ = {isa = PBXBuildFile; fileRef = A6FD030C23834784007F0DB7 /* CreateBucketListItemViewController.swift */; };
		A6FD03112383CD03007F0DB7 /* BLIDetailViewController.swift in Sources */ = {isa = PBXBuildFile; fileRef = A6FD03102383CD03007F0DB7 /* BLIDetailViewController.swift */; };
		A6FD03132383D325007F0DB7 /* JournalTableViewController.swift in Sources */ = {isa = PBXBuildFile; fileRef = A6FD03122383D325007F0DB7 /* JournalTableViewController.swift */; };
		A6FD03152383D333007F0DB7 /* MediaCollectionViewController.swift in Sources */ = {isa = PBXBuildFile; fileRef = A6FD03142383D333007F0DB7 /* MediaCollectionViewController.swift */; };
		A6FD031723845205007F0DB7 /* NetworkingHelpers.swift in Sources */ = {isa = PBXBuildFile; fileRef = A6FD031623845205007F0DB7 /* NetworkingHelpers.swift */; };
/* End PBXBuildFile section */

/* Begin PBXFileReference section */
		289F55B22583061F7E5AE450 /* Pods-BucketList.release.xcconfig */ = {isa = PBXFileReference; includeInIndex = 1; lastKnownFileType = text.xcconfig; name = "Pods-BucketList.release.xcconfig"; path = "Target Support Files/Pods-BucketList/Pods-BucketList.release.xcconfig"; sourceTree = "<group>"; };
		33C804B4D9FBA06A8F8E9401 /* Pods-BucketList.debug.xcconfig */ = {isa = PBXFileReference; includeInIndex = 1; lastKnownFileType = text.xcconfig; name = "Pods-BucketList.debug.xcconfig"; path = "Target Support Files/Pods-BucketList/Pods-BucketList.debug.xcconfig"; sourceTree = "<group>"; };
		44D14F9BE488E09F70203FA8 /* Pods_BucketList.framework */ = {isa = PBXFileReference; explicitFileType = wrapper.framework; includeInIndex = 0; path = Pods_BucketList.framework; sourceTree = BUILT_PRODUCTS_DIR; };
		952B33B423860E420009D6ED /* BucketListItemCollectionViewCell.swift */ = {isa = PBXFileReference; lastKnownFileType = sourcecode.swift; path = BucketListItemCollectionViewCell.swift; sourceTree = "<group>"; };
		953ACE7F238322FB00C8FA44 /* SignInViewController.swift */ = {isa = PBXFileReference; lastKnownFileType = sourcecode.swift; path = SignInViewController.swift; sourceTree = "<group>"; };
		953ACE812383230A00C8FA44 /* SignUpViewController.swift */ = {isa = PBXFileReference; lastKnownFileType = sourcecode.swift; path = SignUpViewController.swift; sourceTree = "<group>"; };
		953ACE842383362800C8FA44 /* Exo-Medium.ttf */ = {isa = PBXFileReference; lastKnownFileType = file; path = "Exo-Medium.ttf"; sourceTree = "<group>"; };
		953ACE86238336F200C8FA44 /* Exo-SemiBold.ttf */ = {isa = PBXFileReference; lastKnownFileType = file; path = "Exo-SemiBold.ttf"; sourceTree = "<group>"; };
		953ACE90238364CC00C8FA44 /* BLinfoStoryboard.storyboard */ = {isa = PBXFileReference; fileEncoding = 4; lastKnownFileType = file.storyboard; path = BLinfoStoryboard.storyboard; sourceTree = "<group>"; };
		953ACE94238364DA00C8FA44 /* BLinfoViewController.swift */ = {isa = PBXFileReference; fileEncoding = 4; lastKnownFileType = sourcecode.swift; path = BLinfoViewController.swift; sourceTree = "<group>"; };
		953ACE96238364E000C8FA44 /* BLshareViewController.swift */ = {isa = PBXFileReference; fileEncoding = 4; lastKnownFileType = sourcecode.swift; path = BLshareViewController.swift; sourceTree = "<group>"; };
		953ACE9E238436EA00C8FA44 /* User.swift */ = {isa = PBXFileReference; lastKnownFileType = sourcecode.swift; name = User.swift; path = BucketList/User.swift; sourceTree = SOURCE_ROOT; };
		953ACEA02384370600C8FA44 /* Bearer.swift */ = {isa = PBXFileReference; lastKnownFileType = sourcecode.swift; name = Bearer.swift; path = BucketList/Models/Bearer.swift; sourceTree = SOURCE_ROOT; };
		953ACEA62384376100C8FA44 /* BucketListController.swift */ = {isa = PBXFileReference; lastKnownFileType = sourcecode.swift; name = BucketListController.swift; path = BucketList/BucketListController.swift; sourceTree = SOURCE_ROOT; };
		9540747F23847817002F38FD /* ProfileStoryboard.storyboard */ = {isa = PBXFileReference; lastKnownFileType = file.storyboard; path = ProfileStoryboard.storyboard; sourceTree = "<group>"; };
		9561BAA923847DA4009B3F93 /* ProfileViewController.swift */ = {isa = PBXFileReference; lastKnownFileType = sourcecode.swift; path = ProfileViewController.swift; sourceTree = "<group>"; };
		A669F4E72384B5B100AB3F7E /* BucketListItemRepresentation.swift */ = {isa = PBXFileReference; fileEncoding = 4; lastKnownFileType = sourcecode.swift; path = BucketListItemRepresentation.swift; sourceTree = "<group>"; };
		A669F4ED2384B5CF00AB3F7E /* CoreDataStack.swift */ = {isa = PBXFileReference; fileEncoding = 4; lastKnownFileType = sourcecode.swift; path = CoreDataStack.swift; sourceTree = "<group>"; };
		A669F4F42385119A00AB3F7E /* BucketListRepresentation.swift */ = {isa = PBXFileReference; lastKnownFileType = sourcecode.swift; path = BucketListRepresentation.swift; sourceTree = "<group>"; };
		A669F4F6238511EB00AB3F7E /* BucketList+Convenience.swift */ = {isa = PBXFileReference; lastKnownFileType = sourcecode.swift; path = "BucketList+Convenience.swift"; sourceTree = "<group>"; };
		A669F4F82385AE0600AB3F7E /* Users.swift */ = {isa = PBXFileReference; lastKnownFileType = sourcecode.swift; path = Users.swift; sourceTree = "<group>"; };
		A69896522385E5C800D6459A /* BucketListTableViewCell.swift */ = {isa = PBXFileReference; lastKnownFileType = sourcecode.swift; path = BucketListTableViewCell.swift; sourceTree = "<group>"; };
		A69896542385F9C900D6459A /* BucketListItemCollectionViewController.swift */ = {isa = PBXFileReference; lastKnownFileType = sourcecode.swift; path = BucketListItemCollectionViewController.swift; sourceTree = "<group>"; };
		A698965623872E8900D6459A /* BucketListItem+Convenience.swift */ = {isa = PBXFileReference; lastKnownFileType = sourcecode.swift; path = "BucketListItem+Convenience.swift"; sourceTree = "<group>"; };
		A698965E2387A5C400D6459A /* BucketList.xcdatamodel */ = {isa = PBXFileReference; lastKnownFileType = wrapper.xcdatamodel; path = BucketList.xcdatamodel; sourceTree = "<group>"; };
		A6FD02DC23831006007F0DB7 /* BucketList.app */ = {isa = PBXFileReference; explicitFileType = wrapper.application; includeInIndex = 0; path = BucketList.app; sourceTree = BUILT_PRODUCTS_DIR; };
		A6FD02DF23831006007F0DB7 /* AppDelegate.swift */ = {isa = PBXFileReference; lastKnownFileType = sourcecode.swift; path = AppDelegate.swift; sourceTree = "<group>"; };
		A6FD02E123831006007F0DB7 /* SceneDelegate.swift */ = {isa = PBXFileReference; lastKnownFileType = sourcecode.swift; path = SceneDelegate.swift; sourceTree = "<group>"; };
		A6FD02E623831006007F0DB7 /* Base */ = {isa = PBXFileReference; lastKnownFileType = file.storyboard; name = Base; path = Base.lproj/Login.storyboard; sourceTree = "<group>"; };
		A6FD02E823831007007F0DB7 /* Assets.xcassets */ = {isa = PBXFileReference; lastKnownFileType = folder.assetcatalog; path = Assets.xcassets; sourceTree = "<group>"; };
		A6FD02EB23831007007F0DB7 /* Base */ = {isa = PBXFileReference; lastKnownFileType = file.storyboard; name = Base; path = Base.lproj/LaunchScreen.storyboard; sourceTree = "<group>"; };
		A6FD02ED23831007007F0DB7 /* Info.plist */ = {isa = PBXFileReference; lastKnownFileType = text.plist.xml; name = Info.plist; path = "BucketList/Helper Files/Info.plist"; sourceTree = SOURCE_ROOT; };
		A6FD02F323831376007F0DB7 /* Main.storyboard */ = {isa = PBXFileReference; lastKnownFileType = file.storyboard; path = Main.storyboard; sourceTree = "<group>"; };
		A6FD030423834700007F0DB7 /* BucketListTableViewController.swift */ = {isa = PBXFileReference; lastKnownFileType = sourcecode.swift; path = BucketListTableViewController.swift; sourceTree = "<group>"; };
		A6FD030723834732007F0DB7 /* CreateBucketListViewController.swift */ = {isa = PBXFileReference; lastKnownFileType = sourcecode.swift; name = CreateBucketListViewController.swift; path = "BucketList/View Controllers/Buket List View Controllers/CreateBucketListViewController.swift"; sourceTree = SOURCE_ROOT; };
		A6FD030923834750007F0DB7 /* BucketListItemViewController.swift */ = {isa = PBXFileReference; lastKnownFileType = sourcecode.swift; path = BucketListItemViewController.swift; sourceTree = "<group>"; };
		A6FD030C23834784007F0DB7 /* CreateBucketListItemViewController.swift */ = {isa = PBXFileReference; lastKnownFileType = sourcecode.swift; name = CreateBucketListItemViewController.swift; path = "BucketList/View Controllers/Bucket List Item View Controllers/CreateBucketListItemViewController.swift"; sourceTree = SOURCE_ROOT; };
		A6FD03102383CD03007F0DB7 /* BLIDetailViewController.swift */ = {isa = PBXFileReference; lastKnownFileType = sourcecode.swift; name = BLIDetailViewController.swift; path = BucketList/BLIDetailViewController.swift; sourceTree = SOURCE_ROOT; };
		A6FD03122383D325007F0DB7 /* JournalTableViewController.swift */ = {isa = PBXFileReference; lastKnownFileType = sourcecode.swift; name = JournalTableViewController.swift; path = BucketList/JournalTableViewController.swift; sourceTree = SOURCE_ROOT; };
		A6FD03142383D333007F0DB7 /* MediaCollectionViewController.swift */ = {isa = PBXFileReference; lastKnownFileType = sourcecode.swift; name = MediaCollectionViewController.swift; path = BucketList/MediaCollectionViewController.swift; sourceTree = SOURCE_ROOT; };
		A6FD031623845205007F0DB7 /* NetworkingHelpers.swift */ = {isa = PBXFileReference; lastKnownFileType = sourcecode.swift; name = NetworkingHelpers.swift; path = BucketList/NetworkingHelpers.swift; sourceTree = SOURCE_ROOT; };
/* End PBXFileReference section */

/* Begin PBXFrameworksBuildPhase section */
		A6FD02D923831006007F0DB7 /* Frameworks */ = {
			isa = PBXFrameworksBuildPhase;
			buildActionMask = 2147483647;
			files = (
				7FE75E48FBE82E13A1275EE7 /* Pods_BucketList.framework in Frameworks */,
			);
			runOnlyForDeploymentPostprocessing = 0;
		};
/* End PBXFrameworksBuildPhase section */

/* Begin PBXGroup section */
		953ACE83238335A500C8FA44 /* Fonts */ = {
			isa = PBXGroup;
			children = (
				953ACE86238336F200C8FA44 /* Exo-SemiBold.ttf */,
				953ACE842383362800C8FA44 /* Exo-Medium.ttf */,
			);
			path = Fonts;
			sourceTree = "<group>";
		};
		953ACE982383656D00C8FA44 /* Storyboards */ = {
			isa = PBXGroup;
			children = (
				A6FD02F323831376007F0DB7 /* Main.storyboard */,
				953ACEAA238437E000C8FA44 /* Secondary Storyboards */,
			);
			path = Storyboards;
			sourceTree = "<group>";
		};
		953ACE99238365D000C8FA44 /* Info View Controllers */ = {
			isa = PBXGroup;
			children = (
				953ACE94238364DA00C8FA44 /* BLinfoViewController.swift */,
				953ACE96238364E000C8FA44 /* BLshareViewController.swift */,
				9561BAA923847DA4009B3F93 /* ProfileViewController.swift */,
			);
			path = "Info View Controllers";
			sourceTree = "<group>";
		};
		953ACE9A238435FC00C8FA44 /* View Controllers */ = {
			isa = PBXGroup;
			children = (
				A6FD03032383462E007F0DB7 /* Login View Controllers */,
				953ACE99238365D000C8FA44 /* Info View Controllers */,
				A6FD030623834706007F0DB7 /* Buket List View Controllers */,
				A6FD030B2383475E007F0DB7 /* Bucket List Item View Controllers */,
			);
			path = "View Controllers";
			sourceTree = "<group>";
		};
		953ACE9B2384362D00C8FA44 /* Helper Files */ = {
			isa = PBXGroup;
			children = (
				953ACE83238335A500C8FA44 /* Fonts */,
				A6FD02DF23831006007F0DB7 /* AppDelegate.swift */,
				A6FD02ED23831007007F0DB7 /* Info.plist */,
				A6FD02E823831007007F0DB7 /* Assets.xcassets */,
				A6FD02E123831006007F0DB7 /* SceneDelegate.swift */,
				A6FD031623845205007F0DB7 /* NetworkingHelpers.swift */,
			);
			path = "Helper Files";
			sourceTree = "<group>";
		};
		953ACE9C2384367E00C8FA44 /* Models */ = {
			isa = PBXGroup;
			children = (
				953ACE9E238436EA00C8FA44 /* User.swift */,
				A669F4F82385AE0600AB3F7E /* Users.swift */,
				953ACEA02384370600C8FA44 /* Bearer.swift */,
				A669F4F32385117300AB3F7E /* BucketList */,
				A669F4EF238510B500AB3F7E /* BucketListItem */,
				A669F4F22385115700AB3F7E /* CoreData */,
			);
			path = Models;
			sourceTree = "<group>";
		};
		953ACE9D238436CE00C8FA44 /* Model Controllers */ = {
			isa = PBXGroup;
			children = (
				953ACEA62384376100C8FA44 /* BucketListController.swift */,
			);
			path = "Model Controllers";
			sourceTree = "<group>";
		};
		953ACEAA238437E000C8FA44 /* Secondary Storyboards */ = {
			isa = PBXGroup;
			children = (
				A6FD02EA23831007007F0DB7 /* LaunchScreen.storyboard */,
				953ACE90238364CC00C8FA44 /* BLinfoStoryboard.storyboard */,
				9540747F23847817002F38FD /* ProfileStoryboard.storyboard */,
				A6FD02E523831006007F0DB7 /* Login.storyboard */,
			);
			path = "Secondary Storyboards";
			sourceTree = "<group>";
		};
		A669F4EF238510B500AB3F7E /* BucketListItem */ = {
			isa = PBXGroup;
			children = (
				A669F4E72384B5B100AB3F7E /* BucketListItemRepresentation.swift */,
				A698965623872E8900D6459A /* BucketListItem+Convenience.swift */,
			);
			name = BucketListItem;
			sourceTree = "<group>";
		};
		A669F4F22385115700AB3F7E /* CoreData */ = {
			isa = PBXGroup;
			children = (
				A669F4ED2384B5CF00AB3F7E /* CoreDataStack.swift */,
				A698965D2387A5C400D6459A /* BucketList.xcdatamodeld */,
			);
			name = CoreData;
			sourceTree = "<group>";
		};
		A669F4F32385117300AB3F7E /* BucketList */ = {
			isa = PBXGroup;
			children = (
				A669F4F42385119A00AB3F7E /* BucketListRepresentation.swift */,
				A669F4F6238511EB00AB3F7E /* BucketList+Convenience.swift */,
			);
			name = BucketList;
			sourceTree = "<group>";
		};
		A6FD02D323831006007F0DB7 = {
			isa = PBXGroup;
			children = (
				A6FD02DE23831006007F0DB7 /* BucketList */,
				A6FD02DD23831006007F0DB7 /* Products */,
				F148AF82231D581CB12F120C /* Pods */,
				F724CC46BFA23DBB540D77FD /* Frameworks */,
			);
			sourceTree = "<group>";
		};
		A6FD02DD23831006007F0DB7 /* Products */ = {
			isa = PBXGroup;
			children = (
				A6FD02DC23831006007F0DB7 /* BucketList.app */,
			);
			name = Products;
			sourceTree = "<group>";
		};
		A6FD02DE23831006007F0DB7 /* BucketList */ = {
			isa = PBXGroup;
			children = (
				953ACE9B2384362D00C8FA44 /* Helper Files */,
				953ACE9C2384367E00C8FA44 /* Models */,
				953ACE9D238436CE00C8FA44 /* Model Controllers */,
				953ACE9A238435FC00C8FA44 /* View Controllers */,
				953ACE982383656D00C8FA44 /* Storyboards */,
			);
			path = BucketList;
			sourceTree = "<group>";
		};
		A6FD03032383462E007F0DB7 /* Login View Controllers */ = {
			isa = PBXGroup;
			children = (
				953ACE7F238322FB00C8FA44 /* SignInViewController.swift */,
				953ACE812383230A00C8FA44 /* SignUpViewController.swift */,
			);
			path = "Login View Controllers";
			sourceTree = "<group>";
		};
		A6FD030623834706007F0DB7 /* Buket List View Controllers */ = {
			isa = PBXGroup;
			children = (
				A6FD030423834700007F0DB7 /* BucketListTableViewController.swift */,
				A6FD030723834732007F0DB7 /* CreateBucketListViewController.swift */,
				A69896522385E5C800D6459A /* BucketListTableViewCell.swift */,
			);
			path = "Buket List View Controllers";
			sourceTree = "<group>";
		};
		A6FD030B2383475E007F0DB7 /* Bucket List Item View Controllers */ = {
			isa = PBXGroup;
			children = (
				A6FD030923834750007F0DB7 /* BucketListItemViewController.swift */,
				A6FD030C23834784007F0DB7 /* CreateBucketListItemViewController.swift */,
				A6FD03102383CD03007F0DB7 /* BLIDetailViewController.swift */,
				A6FD03122383D325007F0DB7 /* JournalTableViewController.swift */,
				A6FD03142383D333007F0DB7 /* MediaCollectionViewController.swift */,
				A69896542385F9C900D6459A /* BucketListItemCollectionViewController.swift */,
				952B33B423860E420009D6ED /* BucketListItemCollectionViewCell.swift */,
			);
			path = "Bucket List Item View Controllers";
			sourceTree = "<group>";
		};
		F148AF82231D581CB12F120C /* Pods */ = {
			isa = PBXGroup;
			children = (
				33C804B4D9FBA06A8F8E9401 /* Pods-BucketList.debug.xcconfig */,
				289F55B22583061F7E5AE450 /* Pods-BucketList.release.xcconfig */,
			);
			path = Pods;
			sourceTree = "<group>";
		};
		F724CC46BFA23DBB540D77FD /* Frameworks */ = {
			isa = PBXGroup;
			children = (
				44D14F9BE488E09F70203FA8 /* Pods_BucketList.framework */,
			);
			name = Frameworks;
			sourceTree = "<group>";
		};
/* End PBXGroup section */

/* Begin PBXNativeTarget section */
		A6FD02DB23831006007F0DB7 /* BucketList */ = {
			isa = PBXNativeTarget;
			buildConfigurationList = A6FD02F023831007007F0DB7 /* Build configuration list for PBXNativeTarget "BucketList" */;
			buildPhases = (
				C8CA4382E11F949083C54FAA /* [CP] Check Pods Manifest.lock */,
				A6FD02D823831006007F0DB7 /* Sources */,
				A6FD02D923831006007F0DB7 /* Frameworks */,
				A6FD02DA23831006007F0DB7 /* Resources */,
				3EFCB0C42E5D672C29ACCD76 /* [CP] Embed Pods Frameworks */,
			);
			buildRules = (
			);
			dependencies = (
			);
			name = BucketList;
			productName = BucketList;
			productReference = A6FD02DC23831006007F0DB7 /* BucketList.app */;
			productType = "com.apple.product-type.application";
		};
/* End PBXNativeTarget section */

/* Begin PBXProject section */
		A6FD02D423831006007F0DB7 /* Project object */ = {
			isa = PBXProject;
			attributes = {
				LastSwiftUpdateCheck = 1100;
				LastUpgradeCheck = 1100;
				ORGANIZATIONNAME = "GIPGIP Studio";
				TargetAttributes = {
					A6FD02DB23831006007F0DB7 = {
						CreatedOnToolsVersion = 11.0;
					};
				};
			};
			buildConfigurationList = A6FD02D723831006007F0DB7 /* Build configuration list for PBXProject "BucketList" */;
			compatibilityVersion = "Xcode 9.3";
			developmentRegion = en;
			hasScannedForEncodings = 0;
			knownRegions = (
				en,
				Base,
			);
			mainGroup = A6FD02D323831006007F0DB7;
			productRefGroup = A6FD02DD23831006007F0DB7 /* Products */;
			projectDirPath = "";
			projectRoot = "";
			targets = (
				A6FD02DB23831006007F0DB7 /* BucketList */,
			);
		};
/* End PBXProject section */

/* Begin PBXResourcesBuildPhase section */
		A6FD02DA23831006007F0DB7 /* Resources */ = {
			isa = PBXResourcesBuildPhase;
			buildActionMask = 2147483647;
			files = (
				953ACE852383362800C8FA44 /* Exo-Medium.ttf in Resources */,
				A6FD02EC23831007007F0DB7 /* LaunchScreen.storyboard in Resources */,
				953ACE87238336F200C8FA44 /* Exo-SemiBold.ttf in Resources */,
				953ACE91238364CD00C8FA44 /* BLinfoStoryboard.storyboard in Resources */,
				A6FD02E923831007007F0DB7 /* Assets.xcassets in Resources */,
				9540748023847817002F38FD /* ProfileStoryboard.storyboard in Resources */,
				A6FD02F423831376007F0DB7 /* Main.storyboard in Resources */,
				A6FD02E723831006007F0DB7 /* Login.storyboard in Resources */,
			);
			runOnlyForDeploymentPostprocessing = 0;
		};
/* End PBXResourcesBuildPhase section */

/* Begin PBXShellScriptBuildPhase section */
		3EFCB0C42E5D672C29ACCD76 /* [CP] Embed Pods Frameworks */ = {
			isa = PBXShellScriptBuildPhase;
			buildActionMask = 2147483647;
			files = (
			);
			inputFileListPaths = (
				"${PODS_ROOT}/Target Support Files/Pods-BucketList/Pods-BucketList-frameworks-${CONFIGURATION}-input-files.xcfilelist",
			);
			name = "[CP] Embed Pods Frameworks";
			outputFileListPaths = (
				"${PODS_ROOT}/Target Support Files/Pods-BucketList/Pods-BucketList-frameworks-${CONFIGURATION}-output-files.xcfilelist",
			);
			runOnlyForDeploymentPostprocessing = 0;
			shellPath = /bin/sh;
			shellScript = "\"${PODS_ROOT}/Target Support Files/Pods-BucketList/Pods-BucketList-frameworks.sh\"\n";
			showEnvVarsInLog = 0;
		};
		C8CA4382E11F949083C54FAA /* [CP] Check Pods Manifest.lock */ = {
			isa = PBXShellScriptBuildPhase;
			buildActionMask = 2147483647;
			files = (
			);
			inputFileListPaths = (
			);
			inputPaths = (
				"${PODS_PODFILE_DIR_PATH}/Podfile.lock",
				"${PODS_ROOT}/Manifest.lock",
			);
			name = "[CP] Check Pods Manifest.lock";
			outputFileListPaths = (
			);
			outputPaths = (
				"$(DERIVED_FILE_DIR)/Pods-BucketList-checkManifestLockResult.txt",
			);
			runOnlyForDeploymentPostprocessing = 0;
			shellPath = /bin/sh;
			shellScript = "diff \"${PODS_PODFILE_DIR_PATH}/Podfile.lock\" \"${PODS_ROOT}/Manifest.lock\" > /dev/null\nif [ $? != 0 ] ; then\n    # print error to STDERR\n    echo \"error: The sandbox is not in sync with the Podfile.lock. Run 'pod install' or update your CocoaPods installation.\" >&2\n    exit 1\nfi\n# This output is used by Xcode 'outputs' to avoid re-running this script phase.\necho \"SUCCESS\" > \"${SCRIPT_OUTPUT_FILE_0}\"\n";
			showEnvVarsInLog = 0;
		};
/* End PBXShellScriptBuildPhase section */

/* Begin PBXSourcesBuildPhase section */
		A6FD02D823831006007F0DB7 /* Sources */ = {
			isa = PBXSourcesBuildPhase;
			buildActionMask = 2147483647;
			files = (
				A698965723872E8900D6459A /* BucketListItem+Convenience.swift in Sources */,
				A6FD030A23834750007F0DB7 /* BucketListItemViewController.swift in Sources */,
				A6FD030823834732007F0DB7 /* CreateBucketListViewController.swift in Sources */,
				953ACE80238322FB00C8FA44 /* SignInViewController.swift in Sources */,
				952B33B523860E420009D6ED /* BucketListItemCollectionViewCell.swift in Sources */,
				A6FD030523834700007F0DB7 /* BucketListTableViewController.swift in Sources */,
				953ACE97238364E000C8FA44 /* BLshareViewController.swift in Sources */,
				953ACEA12384370600C8FA44 /* Bearer.swift in Sources */,
				A69896552385F9C900D6459A /* BucketListItemCollectionViewController.swift in Sources */,
				A6FD02E023831006007F0DB7 /* AppDelegate.swift in Sources */,
				A669F4F52385119A00AB3F7E /* BucketListRepresentation.swift in Sources */,
				953ACE9F238436EA00C8FA44 /* User.swift in Sources */,
				A6FD02E223831006007F0DB7 /* SceneDelegate.swift in Sources */,
				A69896612387A6A900D6459A /* BucketList.xcdatamodeld in Sources */,
				953ACE822383230A00C8FA44 /* SignUpViewController.swift in Sources */,
				A669F4F7238511EB00AB3F7E /* BucketList+Convenience.swift in Sources */,
				A6FD031723845205007F0DB7 /* NetworkingHelpers.swift in Sources */,
				A6FD03112383CD03007F0DB7 /* BLIDetailViewController.swift in Sources */,
				953ACE95238364DA00C8FA44 /* BLinfoViewController.swift in Sources */,
				A669F4F92385AE0600AB3F7E /* Users.swift in Sources */,
				A6FD03132383D325007F0DB7 /* JournalTableViewController.swift in Sources */,
				953ACEA72384376100C8FA44 /* BucketListController.swift in Sources */,
				A69896532385E5C800D6459A /* BucketListTableViewCell.swift in Sources */,
				A669F4EE2384B5CF00AB3F7E /* CoreDataStack.swift in Sources */,
				9561BAAA23847DA4009B3F93 /* ProfileViewController.swift in Sources */,
				A6FD030D23834784007F0DB7 /* CreateBucketListItemViewController.swift in Sources */,
				A669F4E82384B5B100AB3F7E /* BucketListItemRepresentation.swift in Sources */,
				A6FD03152383D333007F0DB7 /* MediaCollectionViewController.swift in Sources */,
			);
			runOnlyForDeploymentPostprocessing = 0;
		};
/* End PBXSourcesBuildPhase section */

/* Begin PBXVariantGroup section */
		A6FD02E523831006007F0DB7 /* Login.storyboard */ = {
			isa = PBXVariantGroup;
			children = (
				A6FD02E623831006007F0DB7 /* Base */,
			);
			name = Login.storyboard;
			sourceTree = "<group>";
		};
		A6FD02EA23831007007F0DB7 /* LaunchScreen.storyboard */ = {
			isa = PBXVariantGroup;
			children = (
				A6FD02EB23831007007F0DB7 /* Base */,
			);
			name = LaunchScreen.storyboard;
			sourceTree = "<group>";
		};
/* End PBXVariantGroup section */

/* Begin XCBuildConfiguration section */
		A6FD02EE23831007007F0DB7 /* Debug */ = {
			isa = XCBuildConfiguration;
			buildSettings = {
				ALWAYS_SEARCH_USER_PATHS = NO;
				CLANG_ANALYZER_NONNULL = YES;
				CLANG_ANALYZER_NUMBER_OBJECT_CONVERSION = YES_AGGRESSIVE;
				CLANG_CXX_LANGUAGE_STANDARD = "gnu++14";
				CLANG_CXX_LIBRARY = "libc++";
				CLANG_ENABLE_MODULES = YES;
				CLANG_ENABLE_OBJC_ARC = YES;
				CLANG_ENABLE_OBJC_WEAK = YES;
				CLANG_WARN_BLOCK_CAPTURE_AUTORELEASING = YES;
				CLANG_WARN_BOOL_CONVERSION = YES;
				CLANG_WARN_COMMA = YES;
				CLANG_WARN_CONSTANT_CONVERSION = YES;
				CLANG_WARN_DEPRECATED_OBJC_IMPLEMENTATIONS = YES;
				CLANG_WARN_DIRECT_OBJC_ISA_USAGE = YES_ERROR;
				CLANG_WARN_DOCUMENTATION_COMMENTS = YES;
				CLANG_WARN_EMPTY_BODY = YES;
				CLANG_WARN_ENUM_CONVERSION = YES;
				CLANG_WARN_INFINITE_RECURSION = YES;
				CLANG_WARN_INT_CONVERSION = YES;
				CLANG_WARN_NON_LITERAL_NULL_CONVERSION = YES;
				CLANG_WARN_OBJC_IMPLICIT_RETAIN_SELF = YES;
				CLANG_WARN_OBJC_LITERAL_CONVERSION = YES;
				CLANG_WARN_OBJC_ROOT_CLASS = YES_ERROR;
				CLANG_WARN_RANGE_LOOP_ANALYSIS = YES;
				CLANG_WARN_STRICT_PROTOTYPES = YES;
				CLANG_WARN_SUSPICIOUS_MOVE = YES;
				CLANG_WARN_UNGUARDED_AVAILABILITY = YES_AGGRESSIVE;
				CLANG_WARN_UNREACHABLE_CODE = YES;
				CLANG_WARN__DUPLICATE_METHOD_MATCH = YES;
				COPY_PHASE_STRIP = NO;
				DEBUG_INFORMATION_FORMAT = dwarf;
				ENABLE_STRICT_OBJC_MSGSEND = YES;
				ENABLE_TESTABILITY = YES;
				GCC_C_LANGUAGE_STANDARD = gnu11;
				GCC_DYNAMIC_NO_PIC = NO;
				GCC_NO_COMMON_BLOCKS = YES;
				GCC_OPTIMIZATION_LEVEL = 0;
				GCC_PREPROCESSOR_DEFINITIONS = (
					"DEBUG=1",
					"$(inherited)",
				);
				GCC_WARN_64_TO_32_BIT_CONVERSION = YES;
				GCC_WARN_ABOUT_RETURN_TYPE = YES_ERROR;
				GCC_WARN_UNDECLARED_SELECTOR = YES;
				GCC_WARN_UNINITIALIZED_AUTOS = YES_AGGRESSIVE;
				GCC_WARN_UNUSED_FUNCTION = YES;
				GCC_WARN_UNUSED_VARIABLE = YES;
				IPHONEOS_DEPLOYMENT_TARGET = 13.0;
				MTL_ENABLE_DEBUG_INFO = INCLUDE_SOURCE;
				MTL_FAST_MATH = YES;
				ONLY_ACTIVE_ARCH = YES;
				SDKROOT = iphoneos;
				SWIFT_ACTIVE_COMPILATION_CONDITIONS = DEBUG;
				SWIFT_OPTIMIZATION_LEVEL = "-Onone";
			};
			name = Debug;
		};
		A6FD02EF23831007007F0DB7 /* Release */ = {
			isa = XCBuildConfiguration;
			buildSettings = {
				ALWAYS_SEARCH_USER_PATHS = NO;
				CLANG_ANALYZER_NONNULL = YES;
				CLANG_ANALYZER_NUMBER_OBJECT_CONVERSION = YES_AGGRESSIVE;
				CLANG_CXX_LANGUAGE_STANDARD = "gnu++14";
				CLANG_CXX_LIBRARY = "libc++";
				CLANG_ENABLE_MODULES = YES;
				CLANG_ENABLE_OBJC_ARC = YES;
				CLANG_ENABLE_OBJC_WEAK = YES;
				CLANG_WARN_BLOCK_CAPTURE_AUTORELEASING = YES;
				CLANG_WARN_BOOL_CONVERSION = YES;
				CLANG_WARN_COMMA = YES;
				CLANG_WARN_CONSTANT_CONVERSION = YES;
				CLANG_WARN_DEPRECATED_OBJC_IMPLEMENTATIONS = YES;
				CLANG_WARN_DIRECT_OBJC_ISA_USAGE = YES_ERROR;
				CLANG_WARN_DOCUMENTATION_COMMENTS = YES;
				CLANG_WARN_EMPTY_BODY = YES;
				CLANG_WARN_ENUM_CONVERSION = YES;
				CLANG_WARN_INFINITE_RECURSION = YES;
				CLANG_WARN_INT_CONVERSION = YES;
				CLANG_WARN_NON_LITERAL_NULL_CONVERSION = YES;
				CLANG_WARN_OBJC_IMPLICIT_RETAIN_SELF = YES;
				CLANG_WARN_OBJC_LITERAL_CONVERSION = YES;
				CLANG_WARN_OBJC_ROOT_CLASS = YES_ERROR;
				CLANG_WARN_RANGE_LOOP_ANALYSIS = YES;
				CLANG_WARN_STRICT_PROTOTYPES = YES;
				CLANG_WARN_SUSPICIOUS_MOVE = YES;
				CLANG_WARN_UNGUARDED_AVAILABILITY = YES_AGGRESSIVE;
				CLANG_WARN_UNREACHABLE_CODE = YES;
				CLANG_WARN__DUPLICATE_METHOD_MATCH = YES;
				COPY_PHASE_STRIP = NO;
				DEBUG_INFORMATION_FORMAT = "dwarf-with-dsym";
				ENABLE_NS_ASSERTIONS = NO;
				ENABLE_STRICT_OBJC_MSGSEND = YES;
				GCC_C_LANGUAGE_STANDARD = gnu11;
				GCC_NO_COMMON_BLOCKS = YES;
				GCC_WARN_64_TO_32_BIT_CONVERSION = YES;
				GCC_WARN_ABOUT_RETURN_TYPE = YES_ERROR;
				GCC_WARN_UNDECLARED_SELECTOR = YES;
				GCC_WARN_UNINITIALIZED_AUTOS = YES_AGGRESSIVE;
				GCC_WARN_UNUSED_FUNCTION = YES;
				GCC_WARN_UNUSED_VARIABLE = YES;
				IPHONEOS_DEPLOYMENT_TARGET = 13.0;
				MTL_ENABLE_DEBUG_INFO = NO;
				MTL_FAST_MATH = YES;
				SDKROOT = iphoneos;
				SWIFT_COMPILATION_MODE = wholemodule;
				SWIFT_OPTIMIZATION_LEVEL = "-O";
				VALIDATE_PRODUCT = YES;
			};
			name = Release;
		};
		A6FD02F123831007007F0DB7 /* Debug */ = {
			isa = XCBuildConfiguration;
			baseConfigurationReference = 33C804B4D9FBA06A8F8E9401 /* Pods-BucketList.debug.xcconfig */;
			buildSettings = {
				ASSETCATALOG_COMPILER_APPICON_NAME = AppIcon;
				CODE_SIGN_STYLE = Automatic;
				DEVELOPMENT_TEAM = FLZ8CLXX64;
				INFOPLIST_FILE = "$(SRCROOT)/BucketList/Helper Files/Info.plist";
				LD_RUNPATH_SEARCH_PATHS = (
					"$(inherited)",
					"@executable_path/Frameworks",
				);
				PRODUCT_BUNDLE_IDENTIFIER = com.GIPGIP.BucketList;
				PRODUCT_NAME = "$(TARGET_NAME)";
				SWIFT_VERSION = 5.0;
				TARGETED_DEVICE_FAMILY = "1,2";
			};
			name = Debug;
		};
		A6FD02F223831007007F0DB7 /* Release */ = {
			isa = XCBuildConfiguration;
			baseConfigurationReference = 289F55B22583061F7E5AE450 /* Pods-BucketList.release.xcconfig */;
			buildSettings = {
				ASSETCATALOG_COMPILER_APPICON_NAME = AppIcon;
				CODE_SIGN_STYLE = Automatic;
				DEVELOPMENT_TEAM = FLZ8CLXX64;
				INFOPLIST_FILE = "$(SRCROOT)/BucketList/Helper Files/Info.plist";
				LD_RUNPATH_SEARCH_PATHS = (
					"$(inherited)",
					"@executable_path/Frameworks",
				);
				PRODUCT_BUNDLE_IDENTIFIER = com.GIPGIP.BucketList;
				PRODUCT_NAME = "$(TARGET_NAME)";
				SWIFT_VERSION = 5.0;
				TARGETED_DEVICE_FAMILY = "1,2";
			};
			name = Release;
		};
/* End XCBuildConfiguration section */

/* Begin XCConfigurationList section */
		A6FD02D723831006007F0DB7 /* Build configuration list for PBXProject "BucketList" */ = {
			isa = XCConfigurationList;
			buildConfigurations = (
				A6FD02EE23831007007F0DB7 /* Debug */,
				A6FD02EF23831007007F0DB7 /* Release */,
			);
			defaultConfigurationIsVisible = 0;
			defaultConfigurationName = Release;
		};
		A6FD02F023831007007F0DB7 /* Build configuration list for PBXNativeTarget "BucketList" */ = {
			isa = XCConfigurationList;
			buildConfigurations = (
				A6FD02F123831007007F0DB7 /* Debug */,
				A6FD02F223831007007F0DB7 /* Release */,
			);
			defaultConfigurationIsVisible = 0;
			defaultConfigurationName = Release;
		};
/* End XCConfigurationList section */

/* Begin XCVersionGroup section */
		A698965D2387A5C400D6459A /* BucketList.xcdatamodeld */ = {
			isa = XCVersionGroup;
			children = (
				A698965E2387A5C400D6459A /* BucketList.xcdatamodel */,
			);
			currentVersion = A698965E2387A5C400D6459A /* BucketList.xcdatamodel */;
			path = BucketList.xcdatamodeld;
			sourceTree = "<group>";
			versionGroupType = wrapper.xcdatamodel;
		};
/* End XCVersionGroup section */
	};
	rootObject = A6FD02D423831006007F0DB7 /* Project object */;
}
